
Microsoft Visual Studio Solution File, Format Version 12.00
# Visual Studio Version 17
VisualStudioVersion = 17.8.34330.188
MinimumVisualStudioVersion = 10.0.40219.1
Project("{FAE04EC0-301F-11D3-BF4B-00C04F79EFBC}") = "CapaDatos", "CapaDatos\CapaDatos.csproj", "{0A5AA395-3090-4CBE-9781-67A3D2DA957A}"
EndProject
Project("{FAE04EC0-301F-11D3-BF4B-00C04F79EFBC}") = "CapaNegocio", "CapaNegocio\CapaNegocio.csproj", "{A1CFD43B-67E7-44F2-B91D-B173B32F9383}"
EndProject
Project("{FAE04EC0-301F-11D3-BF4B-00C04F79EFBC}") = "CapaPresentacion", "CapaPresentacion\CapaPresentacion.csproj", "{4AC6222D-9CBF-4BD2-9F72-BF9F338FD6B2}"
EndProject
Global
	GlobalSection(SolutionConfigurationPlatforms) = preSolution
		Debug|Any CPU = Debug|Any CPU
		Release|Any CPU = Release|Any CPU
	EndGlobalSection
	GlobalSection(ProjectConfigurationPlatforms) = postSolution
		{0A5AA395-3090-4CBE-9781-67A3D2DA957A}.Debug|Any CPU.ActiveCfg = Debug|Any CPU
		{0A5AA395-3090-4CBE-9781-67A3D2DA957A}.Debug|Any CPU.Build.0 = Debug|Any CPU
		{0A5AA395-3090-4CBE-9781-67A3D2DA957A}.Release|Any CPU.ActiveCfg = Release|Any CPU
		{0A5AA395-3090-4CBE-9781-67A3D2DA957A}.Release|Any CPU.Build.0 = Release|Any CPU
		{A1CFD43B-67E7-44F2-B91D-B173B32F9383}.Debug|Any CPU.ActiveCfg = Debug|Any CPU
		{A1CFD43B-67E7-44F2-B91D-B173B32F9383}.Debug|Any CPU.Build.0 = Debug|Any CPU
		{A1CFD43B-67E7-44F2-B91D-B173B32F9383}.Release|Any CPU.ActiveCfg = Release|Any CPU
		{A1CFD43B-67E7-44F2-B91D-B173B32F9383}.Release|Any CPU.Build.0 = Release|Any CPU
		{4AC6222D-9CBF-4BD2-9F72-BF9F338FD6B2}.Debug|Any CPU.ActiveCfg = Debug|Any CPU
		{4AC6222D-9CBF-4BD2-9F72-BF9F338FD6B2}.Debug|Any CPU.Build.0 = Debug|Any CPU
		{4AC6222D-9CBF-4BD2-9F72-BF9F338FD6B2}.Release|Any CPU.ActiveCfg = Release|Any CPU
		{4AC6222D-9CBF-4BD2-9F72-BF9F338FD6B2}.Release|Any CPU.Build.0 = Release|Any CPU
	EndGlobalSection
	GlobalSection(SolutionProperties) = preSolution
		HideSolutionNode = FALSE
	EndGlobalSection
	GlobalSection(ExtensibilityGlobals) = postSolution
		SolutionGuid = {2DAFE450-C22B-44FF-82BE-4100E883C12C}
	EndGlobalSection
EndGlobal
